
Microsoft Visual Studio Solution File, Format Version 12.00
# Visual Studio Version 17
VisualStudioVersion = 17.10.34928.147
MinimumVisualStudioVersion = 10.0.40219.1
Project("{2150E333-8FDC-42A3-9474-1A3956D46DE8}") = "Infrastructure", "Infrastructure", "{695999FB-827C-4261-A1EC-008A2CFAA5A0}"
EndProject
Project("{2150E333-8FDC-42A3-9474-1A3956D46DE8}") = "Presentation", "Presentation", "{5BB974EE-747F-4803-A725-7EADCF3C8DA6}"
EndProject
Project("{FAE04EC0-301F-11D3-BF4B-00C04F79EFBC}") = "Core", "Core\Core.csproj", "{7663E968-9DB0-489D-83E8-9CC95CC38EC0}"
EndProject
Project("{FAE04EC0-301F-11D3-BF4B-00C04F79EFBC}") = "Data", "Data\Data.csproj", "{86605B6C-E361-452E-8B1A-570970C2DF49}"
EndProject
Project("{FAE04EC0-301F-11D3-BF4B-00C04F79EFBC}") = "WebAPI", "WebAPI\WebAPI.csproj", "{4BF2D03C-D530-40F7-9E95-EF66A0FA0B09}"
EndProject
Project("{2150E333-8FDC-42A3-9474-1A3956D46DE8}") = "Domain", "Domain", "{A9BE482E-8257-4A12-8606-1ED2574EC7E9}"
EndProject
Project("{FAE04EC0-301F-11D3-BF4B-00C04F79EFBC}") = "EntityModels", "EntityModels\EntityModels.csproj", "{2C85618B-9E21-4706-B04B-124B64D9D41E}"
EndProject
Project("{2150E333-8FDC-42A3-9474-1A3956D46DE8}") = "Application", "Application", "{2D499A2A-3D2F-42E8-888C-1D880D29836B}"
EndProject
Project("{FAE04EC0-301F-11D3-BF4B-00C04F79EFBC}") = "Main", "Main\Main.csproj", "{CBE7C956-D2D0-49D6-A5AE-7997547E5EB0}"
EndProject
Global
	GlobalSection(SolutionConfigurationPlatforms) = preSolution
		Debug|Any CPU = Debug|Any CPU
		Release|Any CPU = Release|Any CPU
	EndGlobalSection
	GlobalSection(ProjectConfigurationPlatforms) = postSolution
		{7663E968-9DB0-489D-83E8-9CC95CC38EC0}.Debug|Any CPU.ActiveCfg = Debug|Any CPU
		{7663E968-9DB0-489D-83E8-9CC95CC38EC0}.Debug|Any CPU.Build.0 = Debug|Any CPU
		{7663E968-9DB0-489D-83E8-9CC95CC38EC0}.Release|Any CPU.ActiveCfg = Release|Any CPU
		{7663E968-9DB0-489D-83E8-9CC95CC38EC0}.Release|Any CPU.Build.0 = Release|Any CPU
		{86605B6C-E361-452E-8B1A-570970C2DF49}.Debug|Any CPU.ActiveCfg = Debug|Any CPU
		{86605B6C-E361-452E-8B1A-570970C2DF49}.Debug|Any CPU.Build.0 = Debug|Any CPU
		{86605B6C-E361-452E-8B1A-570970C2DF49}.Release|Any CPU.ActiveCfg = Release|Any CPU
		{86605B6C-E361-452E-8B1A-570970C2DF49}.Release|Any CPU.Build.0 = Release|Any CPU
		{4BF2D03C-D530-40F7-9E95-EF66A0FA0B09}.Debug|Any CPU.ActiveCfg = Debug|Any CPU
		{4BF2D03C-D530-40F7-9E95-EF66A0FA0B09}.Debug|Any CPU.Build.0 = Debug|Any CPU
		{4BF2D03C-D530-40F7-9E95-EF66A0FA0B09}.Release|Any CPU.ActiveCfg = Release|Any CPU
		{4BF2D03C-D530-40F7-9E95-EF66A0FA0B09}.Release|Any CPU.Build.0 = Release|Any CPU
		{2C85618B-9E21-4706-B04B-124B64D9D41E}.Debug|Any CPU.ActiveCfg = Debug|Any CPU
		{2C85618B-9E21-4706-B04B-124B64D9D41E}.Debug|Any CPU.Build.0 = Debug|Any CPU
		{2C85618B-9E21-4706-B04B-124B64D9D41E}.Release|Any CPU.ActiveCfg = Release|Any CPU
		{2C85618B-9E21-4706-B04B-124B64D9D41E}.Release|Any CPU.Build.0 = Release|Any CPU
		{CBE7C956-D2D0-49D6-A5AE-7997547E5EB0}.Debug|Any CPU.ActiveCfg = Debug|Any CPU
		{CBE7C956-D2D0-49D6-A5AE-7997547E5EB0}.Debug|Any CPU.Build.0 = Debug|Any CPU
		{CBE7C956-D2D0-49D6-A5AE-7997547E5EB0}.Release|Any CPU.ActiveCfg = Release|Any CPU
		{CBE7C956-D2D0-49D6-A5AE-7997547E5EB0}.Release|Any CPU.Build.0 = Release|Any CPU
	EndGlobalSection
	GlobalSection(SolutionProperties) = preSolution
		HideSolutionNode = FALSE
	EndGlobalSection
	GlobalSection(NestedProjects) = preSolution
		{7663E968-9DB0-489D-83E8-9CC95CC38EC0} = {695999FB-827C-4261-A1EC-008A2CFAA5A0}
		{86605B6C-E361-452E-8B1A-570970C2DF49} = {695999FB-827C-4261-A1EC-008A2CFAA5A0}
		{4BF2D03C-D530-40F7-9E95-EF66A0FA0B09} = {5BB974EE-747F-4803-A725-7EADCF3C8DA6}
		{2C85618B-9E21-4706-B04B-124B64D9D41E} = {A9BE482E-8257-4A12-8606-1ED2574EC7E9}
		{CBE7C956-D2D0-49D6-A5AE-7997547E5EB0} = {2D499A2A-3D2F-42E8-888C-1D880D29836B}
	EndGlobalSection
	GlobalSection(ExtensibilityGlobals) = postSolution
		SolutionGuid = {C495D8F0-9A07-473A-8702-756497DEEAE7}
	EndGlobalSection
EndGlobal
